
Microsoft Visual Studio Solution File, Format Version 12.00
# Visual Studio Version 16
VisualStudioVersion = 16.0.30611.23
MinimumVisualStudioVersion = 10.0.40219.1
Project("{FAE04EC0-301F-11D3-BF4B-00C04F79EFBC}") = "Blackjack", "Blackjack\Blackjack.csproj", "{65103AE8-18CD-4F3A-92DC-505B7A25992C}"
EndProject
Global
	GlobalSection(SolutionConfigurationPlatforms) = preSolution
		Debug|Any CPU = Debug|Any CPU
		Release|Any CPU = Release|Any CPU
	EndGlobalSection
	GlobalSection(ProjectConfigurationPlatforms) = postSolution
		{65103AE8-18CD-4F3A-92DC-505B7A25992C}.Debug|Any CPU.ActiveCfg = Debug|Any CPU
		{65103AE8-18CD-4F3A-92DC-505B7A25992C}.Debug|Any CPU.Build.0 = Debug|Any CPU
		{65103AE8-18CD-4F3A-92DC-505B7A25992C}.Release|Any CPU.ActiveCfg = Release|Any CPU
		{65103AE8-18CD-4F3A-92DC-505B7A25992C}.Release|Any CPU.Build.0 = Release|Any CPU
	EndGlobalSection
	GlobalSection(SolutionProperties) = preSolution
		HideSolutionNode = FALSE
	EndGlobalSection
	GlobalSection(ExtensibilityGlobals) = postSolution
		SolutionGuid = {37B99521-8EB8-4696-8731-63E38319C2BA}
	EndGlobalSection
EndGlobal
